// !$*UTF8*$!
{
	archiveVersion = 1;
	classes = {
	};
	objectVersion = 48;
	objects = {

/* Begin PBXBuildFile section */
		69087AA4201D122B008D2762 /* SCNVector4.swift in Sources */ = {isa = PBXBuildFile; fileRef = 69087AA3201D122B008D2762 /* SCNVector4.swift */; };
		699B228A201CD67200CE6579 /* SCNNode.swift in Sources */ = {isa = PBXBuildFile; fileRef = 699B2289201CD67200CE6579 /* SCNNode.swift */; };
		699B228C201CEC3700CE6579 /* SCNVector3.swift in Sources */ = {isa = PBXBuildFile; fileRef = 699B228B201CEC3700CE6579 /* SCNVector3.swift */; };
		699B228E201CEC6600CE6579 /* Float.swift in Sources */ = {isa = PBXBuildFile; fileRef = 699B228D201CEC6600CE6579 /* Float.swift */; };
		69FAFED22002C61600E66905 /* AppDelegate.swift in Sources */ = {isa = PBXBuildFile; fileRef = 69FAFED12002C61600E66905 /* AppDelegate.swift */; };
		69FAFED42002C61600E66905 /* art.scnassets in Resources */ = {isa = PBXBuildFile; fileRef = 69FAFED32002C61600E66905 /* art.scnassets */; };
		69FAFED62002C61600E66905 /* ViewController.swift in Sources */ = {isa = PBXBuildFile; fileRef = 69FAFED52002C61600E66905 /* ViewController.swift */; };
		69FAFED92002C61600E66905 /* Main.storyboard in Resources */ = {isa = PBXBuildFile; fileRef = 69FAFED72002C61600E66905 /* Main.storyboard */; };
		69FAFEDB2002C61600E66905 /* Assets.xcassets in Resources */ = {isa = PBXBuildFile; fileRef = 69FAFEDA2002C61600E66905 /* Assets.xcassets */; };
		69FAFEDE2002C61600E66905 /* LaunchScreen.storyboard in Resources */ = {isa = PBXBuildFile; fileRef = 69FAFEDC2002C61600E66905 /* LaunchScreen.storyboard */; };
/* End PBXBuildFile section */

/* Begin PBXFileReference section */
		69087AA3201D122B008D2762 /* SCNVector4.swift */ = {isa = PBXFileReference; lastKnownFileType = sourcecode.swift; path = SCNVector4.swift; sourceTree = "<group>"; };
		699B2289201CD67200CE6579 /* SCNNode.swift */ = {isa = PBXFileReference; lastKnownFileType = sourcecode.swift; path = SCNNode.swift; sourceTree = "<group>"; };
		699B228B201CEC3700CE6579 /* SCNVector3.swift */ = {isa = PBXFileReference; lastKnownFileType = sourcecode.swift; path = SCNVector3.swift; sourceTree = "<group>"; };
		699B228D201CEC6600CE6579 /* Float.swift */ = {isa = PBXFileReference; lastKnownFileType = sourcecode.swift; path = Float.swift; sourceTree = "<group>"; };
		69FAFECE2002C61600E66905 /* MagicTrick.app */ = {isa = PBXFileReference; explicitFileType = wrapper.application; includeInIndex = 0; path = MagicTrick.app; sourceTree = BUILT_PRODUCTS_DIR; };
		69FAFED12002C61600E66905 /* AppDelegate.swift */ = {isa = PBXFileReference; lastKnownFileType = sourcecode.swift; path = AppDelegate.swift; sourceTree = "<group>"; };
		69FAFED32002C61600E66905 /* art.scnassets */ = {isa = PBXFileReference; lastKnownFileType = wrapper.scnassets; path = art.scnassets; sourceTree = "<group>"; };
		69FAFED52002C61600E66905 /* ViewController.swift */ = {isa = PBXFileReference; lastKnownFileType = sourcecode.swift; path = ViewController.swift; sourceTree = "<group>"; };
		69FAFED82002C61600E66905 /* Base */ = {isa = PBXFileReference; lastKnownFileType = file.storyboard; name = Base; path = Base.lproj/Main.storyboard; sourceTree = "<group>"; };
		69FAFEDA2002C61600E66905 /* Assets.xcassets */ = {isa = PBXFileReference; lastKnownFileType = folder.assetcatalog; path = Assets.xcassets; sourceTree = "<group>"; };
		69FAFEDD2002C61600E66905 /* Base */ = {isa = PBXFileReference; lastKnownFileType = file.storyboard; name = Base; path = Base.lproj/LaunchScreen.storyboard; sourceTree = "<group>"; };
		69FAFEDF2002C61600E66905 /* Info.plist */ = {isa = PBXFileReference; lastKnownFileType = text.plist.xml; path = Info.plist; sourceTree = "<group>"; };
/* End PBXFileReference section */

/* Begin PBXFrameworksBuildPhase section */
		69FAFECB2002C61600E66905 /* Frameworks */ = {
			isa = PBXFrameworksBuildPhase;
			buildActionMask = 2147483647;
			files = (
			);
			runOnlyForDeploymentPostprocessing = 0;
		};
/* End PBXFrameworksBuildPhase section */

/* Begin PBXGroup section */
		699B2288201CD66600CE6579 /* Extension */ = {
			isa = PBXGroup;
			children = (
				699B2289201CD67200CE6579 /* SCNNode.swift */,
				69087AA3201D122B008D2762 /* SCNVector4.swift */,
				699B228B201CEC3700CE6579 /* SCNVector3.swift */,
				699B228D201CEC6600CE6579 /* Float.swift */,
			);
			path = Extension;
			sourceTree = "<group>";
		};
		69FAFEC52002C61600E66905 = {
			isa = PBXGroup;
			children = (
				69FAFED02002C61600E66905 /* MagicTrick */,
				69FAFECF2002C61600E66905 /* Products */,
			);
			sourceTree = "<group>";
		};
		69FAFECF2002C61600E66905 /* Products */ = {
			isa = PBXGroup;
			children = (
				69FAFECE2002C61600E66905 /* MagicTrick.app */,
			);
			name = Products;
			sourceTree = "<group>";
		};
		69FAFED02002C61600E66905 /* MagicTrick */ = {
			isa = PBXGroup;
			children = (
				69FAFED32002C61600E66905 /* art.scnassets */,
				699B2288201CD66600CE6579 /* Extension */,
				69FAFED12002C61600E66905 /* AppDelegate.swift */,
				69FAFED52002C61600E66905 /* ViewController.swift */,
				69FAFED72002C61600E66905 /* Main.storyboard */,
				69FAFEDA2002C61600E66905 /* Assets.xcassets */,
				69FAFEDC2002C61600E66905 /* LaunchScreen.storyboard */,
				69FAFEDF2002C61600E66905 /* Info.plist */,
			);
			path = MagicTrick;
			sourceTree = "<group>";
		};
/* End PBXGroup section */

/* Begin PBXNativeTarget section */
		69FAFECD2002C61600E66905 /* MagicTrick */ = {
			isa = PBXNativeTarget;
			buildConfigurationList = 69FAFEE22002C61600E66905 /* Build configuration list for PBXNativeTarget "MagicTrick" */;
			buildPhases = (
				69FAFECA2002C61600E66905 /* Sources */,
				69FAFECB2002C61600E66905 /* Frameworks */,
				69FAFECC2002C61600E66905 /* Resources */,
			);
			buildRules = (
			);
			dependencies = (
			);
			name = MagicTrick;
			productName = MagicTrick;
			productReference = 69FAFECE2002C61600E66905 /* MagicTrick.app */;
			productType = "com.apple.product-type.application";
		};
/* End PBXNativeTarget section */

/* Begin PBXProject section */
		69FAFEC62002C61600E66905 /* Project object */ = {
			isa = PBXProject;
			attributes = {
				LastSwiftUpdateCheck = 0920;
				LastUpgradeCheck = 0920;
				ORGANIZATIONNAME = Jay;
				TargetAttributes = {
					69FAFECD2002C61600E66905 = {
						CreatedOnToolsVersion = 9.2;
						ProvisioningStyle = Automatic;
					};
				};
			};
			buildConfigurationList = 69FAFEC92002C61600E66905 /* Build configuration list for PBXProject "MagicTrick" */;
			compatibilityVersion = "Xcode 8.0";
			developmentRegion = en;
			hasScannedForEncodings = 0;
			knownRegions = (
				en,
				Base,
			);
			mainGroup = 69FAFEC52002C61600E66905;
			productRefGroup = 69FAFECF2002C61600E66905 /* Products */;
			projectDirPath = "";
			projectRoot = "";
			targets = (
				69FAFECD2002C61600E66905 /* MagicTrick */,
			);
		};
/* End PBXProject section */

/* Begin PBXResourcesBuildPhase section */
		69FAFECC2002C61600E66905 /* Resources */ = {
			isa = PBXResourcesBuildPhase;
			buildActionMask = 2147483647;
			files = (
				69FAFED42002C61600E66905 /* art.scnassets in Resources */,
				69FAFEDE2002C61600E66905 /* LaunchScreen.storyboard in Resources */,
				69FAFEDB2002C61600E66905 /* Assets.xcassets in Resources */,
				69FAFED92002C61600E66905 /* Main.storyboard in Resources */,
			);
			runOnlyForDeploymentPostprocessing = 0;
		};
/* End PBXResourcesBuildPhase section */

/* Begin PBXSourcesBuildPhase section */
		69FAFECA2002C61600E66905 /* Sources */ = {
			isa = PBXSourcesBuildPhase;
			buildActionMask = 2147483647;
			files = (
				699B228A201CD67200CE6579 /* SCNNode.swift in Sources */,
				699B228E201CEC6600CE6579 /* Float.swift in Sources */,
				69087AA4201D122B008D2762 /* SCNVector4.swift in Sources */,
				699B228C201CEC3700CE6579 /* SCNVector3.swift in Sources */,
				69FAFED62002C61600E66905 /* ViewController.swift in Sources */,
				69FAFED22002C61600E66905 /* AppDelegate.swift in Sources */,
			);
			runOnlyForDeploymentPostprocessing = 0;
		};
/* End PBXSourcesBuildPhase section */

/* Begin PBXVariantGroup section */
		69FAFED72002C61600E66905 /* Main.storyboard */ = {
			isa = PBXVariantGroup;
			children = (
				69FAFED82002C61600E66905 /* Base */,
			);
			name = Main.storyboard;
			sourceTree = "<group>";
		};
		69FAFEDC2002C61600E66905 /* LaunchScreen.storyboard */ = {
			isa = PBXVariantGroup;
			children = (
				69FAFEDD2002C61600E66905 /* Base */,
			);
			name = LaunchScreen.storyboard;
			sourceTree = "<group>";
		};
/* End PBXVariantGroup section */

/* Begin XCBuildConfiguration section */
		69FAFEE02002C61600E66905 /* Debug */ = {
			isa = XCBuildConfiguration;
			buildSettings = {
				ALWAYS_SEARCH_USER_PATHS = NO;
				CLANG_ANALYZER_NONNULL = YES;
				CLANG_ANALYZER_NUMBER_OBJECT_CONVERSION = YES_AGGRESSIVE;
				CLANG_CXX_LANGUAGE_STANDARD = "gnu++14";
				CLANG_CXX_LIBRARY = "libc++";
				CLANG_ENABLE_MODULES = YES;
				CLANG_ENABLE_OBJC_ARC = YES;
				CLANG_WARN_BLOCK_CAPTURE_AUTORELEASING = YES;
				CLANG_WARN_BOOL_CONVERSION = YES;
				CLANG_WARN_COMMA = YES;
				CLANG_WARN_CONSTANT_CONVERSION = YES;
				CLANG_WARN_DIRECT_OBJC_ISA_USAGE = YES_ERROR;
				CLANG_WARN_DOCUMENTATION_COMMENTS = YES;
				CLANG_WARN_EMPTY_BODY = YES;
				CLANG_WARN_ENUM_CONVERSION = YES;
				CLANG_WARN_INFINITE_RECURSION = YES;
				CLANG_WARN_INT_CONVERSION = YES;
				CLANG_WARN_NON_LITERAL_NULL_CONVERSION = YES;
				CLANG_WARN_OBJC_LITERAL_CONVERSION = YES;
				CLANG_WARN_OBJC_ROOT_CLASS = YES_ERROR;
				CLANG_WARN_RANGE_LOOP_ANALYSIS = YES;
				CLANG_WARN_STRICT_PROTOTYPES = YES;
				CLANG_WARN_SUSPICIOUS_MOVE = YES;
				CLANG_WARN_UNGUARDED_AVAILABILITY = YES_AGGRESSIVE;
				CLANG_WARN_UNREACHABLE_CODE = YES;
				CLANG_WARN__DUPLICATE_METHOD_MATCH = YES;
				CODE_SIGN_IDENTITY = "iPhone Developer";
				COPY_PHASE_STRIP = NO;
				DEBUG_INFORMATION_FORMAT = dwarf;
				ENABLE_STRICT_OBJC_MSGSEND = YES;
				ENABLE_TESTABILITY = YES;
				GCC_C_LANGUAGE_STANDARD = gnu11;
				GCC_DYNAMIC_NO_PIC = NO;
				GCC_NO_COMMON_BLOCKS = YES;
				GCC_OPTIMIZATION_LEVEL = 0;
				GCC_PREPROCESSOR_DEFINITIONS = (
					"DEBUG=1",
					"$(inherited)",
				);
				GCC_WARN_64_TO_32_BIT_CONVERSION = YES;
				GCC_WARN_ABOUT_RETURN_TYPE = YES_ERROR;
				GCC_WARN_UNDECLARED_SELECTOR = YES;
				GCC_WARN_UNINITIALIZED_AUTOS = YES_AGGRESSIVE;
				GCC_WARN_UNUSED_FUNCTION = YES;
				GCC_WARN_UNUSED_VARIABLE = YES;
				IPHONEOS_DEPLOYMENT_TARGET = 11.2;
				MTL_ENABLE_DEBUG_INFO = YES;
				ONLY_ACTIVE_ARCH = YES;
				SDKROOT = iphoneos;
				SWIFT_ACTIVE_COMPILATION_CONDITIONS = DEBUG;
				SWIFT_OPTIMIZATION_LEVEL = "-Onone";
			};
			name = Debug;
		};
		69FAFEE12002C61600E66905 /* Release */ = {
			isa = XCBuildConfiguration;
			buildSettings = {
				ALWAYS_SEARCH_USER_PATHS = NO;
				CLANG_ANALYZER_NONNULL = YES;
				CLANG_ANALYZER_NUMBER_OBJECT_CONVERSION = YES_AGGRESSIVE;
				CLANG_CXX_LANGUAGE_STANDARD = "gnu++14";
				CLANG_CXX_LIBRARY = "libc++";
				CLANG_ENABLE_MODULES = YES;
				CLANG_ENABLE_OBJC_ARC = YES;
				CLANG_WARN_BLOCK_CAPTURE_AUTORELEASING = YES;
				CLANG_WARN_BOOL_CONVERSION = YES;
				CLANG_WARN_COMMA = YES;
				CLANG_WARN_CONSTANT_CONVERSION = YES;
				CLANG_WARN_DIRECT_OBJC_ISA_USAGE = YES_ERROR;
				CLANG_WARN_DOCUMENTATION_COMMENTS = YES;
				CLANG_WARN_EMPTY_BODY = YES;
				CLANG_WARN_ENUM_CONVERSION = YES;
				CLANG_WARN_INFINITE_RECURSION = YES;
				CLANG_WARN_INT_CONVERSION = YES;
				CLANG_WARN_NON_LITERAL_NULL_CONVERSION = YES;
				CLANG_WARN_OBJC_LITERAL_CONVERSION = YES;
				CLANG_WARN_OBJC_ROOT_CLASS = YES_ERROR;
				CLANG_WARN_RANGE_LOOP_ANALYSIS = YES;
				CLANG_WARN_STRICT_PROTOTYPES = YES;
				CLANG_WARN_SUSPICIOUS_MOVE = YES;
				CLANG_WARN_UNGUARDED_AVAILABILITY = YES_AGGRESSIVE;
				CLANG_WARN_UNREACHABLE_CODE = YES;
				CLANG_WARN__DUPLICATE_METHOD_MATCH = YES;
				CODE_SIGN_IDENTITY = "iPhone Developer";
				COPY_PHASE_STRIP = NO;
				DEBUG_INFORMATION_FORMAT = "dwarf-with-dsym";
				ENABLE_NS_ASSERTIONS = NO;
				ENABLE_STRICT_OBJC_MSGSEND = YES;
				GCC_C_LANGUAGE_STANDARD = gnu11;
				GCC_NO_COMMON_BLOCKS = YES;
				GCC_WARN_64_TO_32_BIT_CONVERSION = YES;
				GCC_WARN_ABOUT_RETURN_TYPE = YES_ERROR;
				GCC_WARN_UNDECLARED_SELECTOR = YES;
				GCC_WARN_UNINITIALIZED_AUTOS = YES_AGGRESSIVE;
				GCC_WARN_UNUSED_FUNCTION = YES;
				GCC_WARN_UNUSED_VARIABLE = YES;
				IPHONEOS_DEPLOYMENT_TARGET = 11.2;
				MTL_ENABLE_DEBUG_INFO = NO;
				SDKROOT = iphoneos;
				SWIFT_OPTIMIZATION_LEVEL = "-Owholemodule";
				VALIDATE_PRODUCT = YES;
			};
			name = Release;
		};
		69FAFEE32002C61600E66905 /* Debug */ = {
			isa = XCBuildConfiguration;
			buildSettings = {
				ASSETCATALOG_COMPILER_APPICON_NAME = AppIcon;
				CODE_SIGN_STYLE = Automatic;
				DEVELOPMENT_TEAM = VTK2A7Z4ZS;
				INFOPLIST_FILE = MagicTrick/Info.plist;
				LD_RUNPATH_SEARCH_PATHS = "$(inherited) @executable_path/Frameworks";
				PRODUCT_BUNDLE_IDENTIFIER = com.jaypatel.MagicTrick;
				PRODUCT_NAME = "$(TARGET_NAME)";
				SWIFT_VERSION = 4.0;
				TARGETED_DEVICE_FAMILY = "1,2";
			};
			name = Debug;
		};
		69FAFEE42002C61600E66905 /* Release */ = {
			isa = XCBuildConfiguration;
			buildSettings = {
				ASSETCATALOG_COMPILER_APPICON_NAME = AppIcon;
				CODE_SIGN_STYLE = Automatic;
				DEVELOPMENT_TEAM = VTK2A7Z4ZS;
				INFOPLIST_FILE = MagicTrick/Info.plist;
				LD_RUNPATH_SEARCH_PATHS = "$(inherited) @executable_path/Frameworks";
				PRODUCT_BUNDLE_IDENTIFIER = com.jaypatel.MagicTrick;
				PRODUCT_NAME = "$(TARGET_NAME)";
				SWIFT_VERSION = 4.0;
				TARGETED_DEVICE_FAMILY = "1,2";
			};
			name = Release;
		};
/* End XCBuildConfiguration section */

/* Begin XCConfigurationList section */
		69FAFEC92002C61600E66905 /* Build configuration list for PBXProject "MagicTrick" */ = {
			isa = XCConfigurationList;
			buildConfigurations = (
				69FAFEE02002C61600E66905 /* Debug */,
				69FAFEE12002C61600E66905 /* Release */,
			);
			defaultConfigurationIsVisible = 0;
			defaultConfigurationName = Release;
		};
		69FAFEE22002C61600E66905 /* Build configuration list for PBXNativeTarget "MagicTrick" */ = {
			isa = XCConfigurationList;
			buildConfigurations = (
				69FAFEE32002C61600E66905 /* Debug */,
				69FAFEE42002C61600E66905 /* Release */,
			);
			defaultConfigurationIsVisible = 0;
			defaultConfigurationName = Release;
		};
/* End XCConfigurationList section */
	};
	rootObject = 69FAFEC62002C61600E66905 /* Project object */;
}
